
Microsoft Visual Studio Solution File, Format Version 12.00
# Visual Studio Version 16
VisualStudioVersion = 16.0.31205.134
MinimumVisualStudioVersion = 10.0.40219.1
Project("{9A19103F-16F7-4668-BE54-9A1E7A4F7556}") = "IO.Swagger", "src\IO.Swagger\IO.Swagger.csproj", "{5B27A0A1-C608-403B-A274-A71D09DDED5B}"
EndProject
Global
	GlobalSection(SolutionConfigurationPlatforms) = preSolution
		Debug|Any CPU = Debug|Any CPU
		Release|Any CPU = Release|Any CPU
	EndGlobalSection
	GlobalSection(ProjectConfigurationPlatforms) = postSolution
		{5B27A0A1-C608-403B-A274-A71D09DDED5B}.Debug|Any CPU.ActiveCfg = Debug|Any CPU
		{5B27A0A1-C608-403B-A274-A71D09DDED5B}.Debug|Any CPU.Build.0 = Debug|Any CPU
		{5B27A0A1-C608-403B-A274-A71D09DDED5B}.Release|Any CPU.ActiveCfg = Release|Any CPU
		{5B27A0A1-C608-403B-A274-A71D09DDED5B}.Release|Any CPU.Build.0 = Release|Any CPU
	EndGlobalSection
	GlobalSection(SolutionProperties) = preSolution
		HideSolutionNode = FALSE
	EndGlobalSection
	GlobalSection(ExtensibilityGlobals) = postSolution
		SolutionGuid = {19B13A0F-0CC2-41F9-BDA8-869179CB2F5D}
	EndGlobalSection
EndGlobal
